
Microsoft Visual Studio Solution File, Format Version 12.00
# Visual Studio Version 17
VisualStudioVersion = 17.2.32630.192
MinimumVisualStudioVersion = 10.0.40219.1
Project("{FAE04EC0-301F-11D3-BF4B-00C04F79EFBC}") = "EfratProject", "EfratProject\EfratProject.csproj", "{A2BB7A59-E71A-409B-B953-AE2DF3F4BBB8}"
EndProject
Global
	GlobalSection(SolutionConfigurationPlatforms) = preSolution
		Debug|Any CPU = Debug|Any CPU
		Release|Any CPU = Release|Any CPU
	EndGlobalSection
	GlobalSection(ProjectConfigurationPlatforms) = postSolution
		{A2BB7A59-E71A-409B-B953-AE2DF3F4BBB8}.Debug|Any CPU.ActiveCfg = Debug|Any CPU
		{A2BB7A59-E71A-409B-B953-AE2DF3F4BBB8}.Debug|Any CPU.Build.0 = Debug|Any CPU
		{A2BB7A59-E71A-409B-B953-AE2DF3F4BBB8}.Release|Any CPU.ActiveCfg = Release|Any CPU
		{A2BB7A59-E71A-409B-B953-AE2DF3F4BBB8}.Release|Any CPU.Build.0 = Release|Any CPU
	EndGlobalSection
	GlobalSection(SolutionProperties) = preSolution
		HideSolutionNode = FALSE
	EndGlobalSection
	GlobalSection(ExtensibilityGlobals) = postSolution
		SolutionGuid = {94C44FBA-046C-4002-8B0A-9F6E2B89596F}
	EndGlobalSection
EndGlobal
